// !$*UTF8*$!
{
	archiveVersion = 1;
	classes = {
	};
	objectVersion = 56;
	objects = {

/* Begin PBXBuildFile section */
		BF4F5F8629C9D11000DAEA8A /* AppDelegate.swift in Sources */ = {isa = PBXBuildFile; fileRef = BF4F5F8529C9D11000DAEA8A /* AppDelegate.swift */; };
		BF4F5F8829C9D11000DAEA8A /* SceneDelegate.swift in Sources */ = {isa = PBXBuildFile; fileRef = BF4F5F8729C9D11000DAEA8A /* SceneDelegate.swift */; };
		BF4F5F8A29C9D11000DAEA8A /* ViewController.swift in Sources */ = {isa = PBXBuildFile; fileRef = BF4F5F8929C9D11000DAEA8A /* ViewController.swift */; };
		BF4F5F8D29C9D11000DAEA8A /* Main.storyboard in Resources */ = {isa = PBXBuildFile; fileRef = BF4F5F8B29C9D11000DAEA8A /* Main.storyboard */; };
		BF4F5F8F29C9D11100DAEA8A /* Assets.xcassets in Resources */ = {isa = PBXBuildFile; fileRef = BF4F5F8E29C9D11100DAEA8A /* Assets.xcassets */; };
		BF4F5F9229C9D11100DAEA8A /* LaunchScreen.storyboard in Resources */ = {isa = PBXBuildFile; fileRef = BF4F5F9029C9D11100DAEA8A /* LaunchScreen.storyboard */; };
		BF4F5F9D29C9D11100DAEA8A /* UITextViewCursorBugTests.swift in Sources */ = {isa = PBXBuildFile; fileRef = BF4F5F9C29C9D11100DAEA8A /* UITextViewCursorBugTests.swift */; };
		BF4F5FA729C9D11200DAEA8A /* UITextViewCursorBugUITests.swift in Sources */ = {isa = PBXBuildFile; fileRef = BF4F5FA629C9D11200DAEA8A /* UITextViewCursorBugUITests.swift */; };
		BF4F5FA929C9D11200DAEA8A /* UITextViewCursorBugUITestsLaunchTests.swift in Sources */ = {isa = PBXBuildFile; fileRef = BF4F5FA829C9D11200DAEA8A /* UITextViewCursorBugUITestsLaunchTests.swift */; };
/* End PBXBuildFile section */

/* Begin PBXContainerItemProxy section */
		BF4F5F9929C9D11100DAEA8A /* PBXContainerItemProxy */ = {
			isa = PBXContainerItemProxy;
			containerPortal = BF4F5F7A29C9D11000DAEA8A /* Project object */;
			proxyType = 1;
			remoteGlobalIDString = BF4F5F8129C9D11000DAEA8A;
			remoteInfo = UITextViewCursorBug;
		};
		BF4F5FA329C9D11200DAEA8A /* PBXContainerItemProxy */ = {
			isa = PBXContainerItemProxy;
			containerPortal = BF4F5F7A29C9D11000DAEA8A /* Project object */;
			proxyType = 1;
			remoteGlobalIDString = BF4F5F8129C9D11000DAEA8A;
			remoteInfo = UITextViewCursorBug;
		};
/* End PBXContainerItemProxy section */

/* Begin PBXFileReference section */
		BF4F5F8229C9D11000DAEA8A /* UITextViewCursorBug.app */ = {isa = PBXFileReference; explicitFileType = wrapper.application; includeInIndex = 0; path = UITextViewCursorBug.app; sourceTree = BUILT_PRODUCTS_DIR; };
		BF4F5F8529C9D11000DAEA8A /* AppDelegate.swift */ = {isa = PBXFileReference; lastKnownFileType = sourcecode.swift; path = AppDelegate.swift; sourceTree = "<group>"; };
		BF4F5F8729C9D11000DAEA8A /* SceneDelegate.swift */ = {isa = PBXFileReference; lastKnownFileType = sourcecode.swift; path = SceneDelegate.swift; sourceTree = "<group>"; };
		BF4F5F8929C9D11000DAEA8A /* ViewController.swift */ = {isa = PBXFileReference; lastKnownFileType = sourcecode.swift; path = ViewController.swift; sourceTree = "<group>"; };
		BF4F5F8C29C9D11000DAEA8A /* Base */ = {isa = PBXFileReference; lastKnownFileType = file.storyboard; name = Base; path = Base.lproj/Main.storyboard; sourceTree = "<group>"; };
		BF4F5F8E29C9D11100DAEA8A /* Assets.xcassets */ = {isa = PBXFileReference; lastKnownFileType = folder.assetcatalog; path = Assets.xcassets; sourceTree = "<group>"; };
		BF4F5F9129C9D11100DAEA8A /* Base */ = {isa = PBXFileReference; lastKnownFileType = file.storyboard; name = Base; path = Base.lproj/LaunchScreen.storyboard; sourceTree = "<group>"; };
		BF4F5F9329C9D11100DAEA8A /* Info.plist */ = {isa = PBXFileReference; lastKnownFileType = text.plist.xml; path = Info.plist; sourceTree = "<group>"; };
		BF4F5F9829C9D11100DAEA8A /* UITextViewCursorBugTests.xctest */ = {isa = PBXFileReference; explicitFileType = wrapper.cfbundle; includeInIndex = 0; path = UITextViewCursorBugTests.xctest; sourceTree = BUILT_PRODUCTS_DIR; };
		BF4F5F9C29C9D11100DAEA8A /* UITextViewCursorBugTests.swift */ = {isa = PBXFileReference; lastKnownFileType = sourcecode.swift; path = UITextViewCursorBugTests.swift; sourceTree = "<group>"; };
		BF4F5FA229C9D11200DAEA8A /* UITextViewCursorBugUITests.xctest */ = {isa = PBXFileReference; explicitFileType = wrapper.cfbundle; includeInIndex = 0; path = UITextViewCursorBugUITests.xctest; sourceTree = BUILT_PRODUCTS_DIR; };
		BF4F5FA629C9D11200DAEA8A /* UITextViewCursorBugUITests.swift */ = {isa = PBXFileReference; lastKnownFileType = sourcecode.swift; path = UITextViewCursorBugUITests.swift; sourceTree = "<group>"; };
		BF4F5FA829C9D11200DAEA8A /* UITextViewCursorBugUITestsLaunchTests.swift */ = {isa = PBXFileReference; lastKnownFileType = sourcecode.swift; path = UITextViewCursorBugUITestsLaunchTests.swift; sourceTree = "<group>"; };
/* End PBXFileReference section */

/* Begin PBXFrameworksBuildPhase section */
		BF4F5F7F29C9D11000DAEA8A /* Frameworks */ = {
			isa = PBXFrameworksBuildPhase;
			buildActionMask = 2147483647;
			files = (
			);
			runOnlyForDeploymentPostprocessing = 0;
		};
		BF4F5F9529C9D11100DAEA8A /* Frameworks */ = {
			isa = PBXFrameworksBuildPhase;
			buildActionMask = 2147483647;
			files = (
			);
			runOnlyForDeploymentPostprocessing = 0;
		};
		BF4F5F9F29C9D11200DAEA8A /* Frameworks */ = {
			isa = PBXFrameworksBuildPhase;
			buildActionMask = 2147483647;
			files = (
			);
			runOnlyForDeploymentPostprocessing = 0;
		};
/* End PBXFrameworksBuildPhase section */

/* Begin PBXGroup section */
		BF4F5F7929C9D11000DAEA8A = {
			isa = PBXGroup;
			children = (
				BF4F5F8429C9D11000DAEA8A /* UITextViewCursorBug */,
				BF4F5F9B29C9D11100DAEA8A /* UITextViewCursorBugTests */,
				BF4F5FA529C9D11200DAEA8A /* UITextViewCursorBugUITests */,
				BF4F5F8329C9D11000DAEA8A /* Products */,
			);
			sourceTree = "<group>";
		};
		BF4F5F8329C9D11000DAEA8A /* Products */ = {
			isa = PBXGroup;
			children = (
				BF4F5F8229C9D11000DAEA8A /* UITextViewCursorBug.app */,
				BF4F5F9829C9D11100DAEA8A /* UITextViewCursorBugTests.xctest */,
				BF4F5FA229C9D11200DAEA8A /* UITextViewCursorBugUITests.xctest */,
			);
			name = Products;
			sourceTree = "<group>";
		};
		BF4F5F8429C9D11000DAEA8A /* UITextViewCursorBug */ = {
			isa = PBXGroup;
			children = (
				BF4F5F8529C9D11000DAEA8A /* AppDelegate.swift */,
				BF4F5F8729C9D11000DAEA8A /* SceneDelegate.swift */,
				BF4F5F8929C9D11000DAEA8A /* ViewController.swift */,
				BF4F5F8B29C9D11000DAEA8A /* Main.storyboard */,
				BF4F5F8E29C9D11100DAEA8A /* Assets.xcassets */,
				BF4F5F9029C9D11100DAEA8A /* LaunchScreen.storyboard */,
				BF4F5F9329C9D11100DAEA8A /* Info.plist */,
			);
			path = UITextViewCursorBug;
			sourceTree = "<group>";
		};
		BF4F5F9B29C9D11100DAEA8A /* UITextViewCursorBugTests */ = {
			isa = PBXGroup;
			children = (
				BF4F5F9C29C9D11100DAEA8A /* UITextViewCursorBugTests.swift */,
			);
			path = UITextViewCursorBugTests;
			sourceTree = "<group>";
		};
		BF4F5FA529C9D11200DAEA8A /* UITextViewCursorBugUITests */ = {
			isa = PBXGroup;
			children = (
				BF4F5FA629C9D11200DAEA8A /* UITextViewCursorBugUITests.swift */,
				BF4F5FA829C9D11200DAEA8A /* UITextViewCursorBugUITestsLaunchTests.swift */,
			);
			path = UITextViewCursorBugUITests;
			sourceTree = "<group>";
		};
/* End PBXGroup section */

/* Begin PBXNativeTarget section */
		BF4F5F8129C9D11000DAEA8A /* UITextViewCursorBug */ = {
			isa = PBXNativeTarget;
			buildConfigurationList = BF4F5FAC29C9D11200DAEA8A /* Build configuration list for PBXNativeTarget "UITextViewCursorBug" */;
			buildPhases = (
				BF4F5F7E29C9D11000DAEA8A /* Sources */,
				BF4F5F7F29C9D11000DAEA8A /* Frameworks */,
				BF4F5F8029C9D11000DAEA8A /* Resources */,
			);
			buildRules = (
			);
			dependencies = (
			);
			name = UITextViewCursorBug;
			productName = UITextViewCursorBug;
			productReference = BF4F5F8229C9D11000DAEA8A /* UITextViewCursorBug.app */;
			productType = "com.apple.product-type.application";
		};
		BF4F5F9729C9D11100DAEA8A /* UITextViewCursorBugTests */ = {
			isa = PBXNativeTarget;
			buildConfigurationList = BF4F5FAF29C9D11200DAEA8A /* Build configuration list for PBXNativeTarget "UITextViewCursorBugTests" */;
			buildPhases = (
				BF4F5F9429C9D11100DAEA8A /* Sources */,
				BF4F5F9529C9D11100DAEA8A /* Frameworks */,
				BF4F5F9629C9D11100DAEA8A /* Resources */,
			);
			buildRules = (
			);
			dependencies = (
				BF4F5F9A29C9D11100DAEA8A /* PBXTargetDependency */,
			);
			name = UITextViewCursorBugTests;
			productName = UITextViewCursorBugTests;
			productReference = BF4F5F9829C9D11100DAEA8A /* UITextViewCursorBugTests.xctest */;
			productType = "com.apple.product-type.bundle.unit-test";
		};
		BF4F5FA129C9D11200DAEA8A /* UITextViewCursorBugUITests */ = {
			isa = PBXNativeTarget;
			buildConfigurationList = BF4F5FB229C9D11200DAEA8A /* Build configuration list for PBXNativeTarget "UITextViewCursorBugUITests" */;
			buildPhases = (
				BF4F5F9E29C9D11200DAEA8A /* Sources */,
				BF4F5F9F29C9D11200DAEA8A /* Frameworks */,
				BF4F5FA029C9D11200DAEA8A /* Resources */,
			);
			buildRules = (
			);
			dependencies = (
				BF4F5FA429C9D11200DAEA8A /* PBXTargetDependency */,
			);
			name = UITextViewCursorBugUITests;
			productName = UITextViewCursorBugUITests;
			productReference = BF4F5FA229C9D11200DAEA8A /* UITextViewCursorBugUITests.xctest */;
			productType = "com.apple.product-type.bundle.ui-testing";
		};
/* End PBXNativeTarget section */

/* Begin PBXProject section */
		BF4F5F7A29C9D11000DAEA8A /* Project object */ = {
			isa = PBXProject;
			attributes = {
				BuildIndependentTargetsInParallel = 1;
				LastSwiftUpdateCheck = 1430;
				LastUpgradeCheck = 1430;
				TargetAttributes = {
					BF4F5F8129C9D11000DAEA8A = {
						CreatedOnToolsVersion = 14.3;
					};
					BF4F5F9729C9D11100DAEA8A = {
						CreatedOnToolsVersion = 14.3;
						TestTargetID = BF4F5F8129C9D11000DAEA8A;
					};
					BF4F5FA129C9D11200DAEA8A = {
						CreatedOnToolsVersion = 14.3;
						TestTargetID = BF4F5F8129C9D11000DAEA8A;
					};
				};
			};
			buildConfigurationList = BF4F5F7D29C9D11000DAEA8A /* Build configuration list for PBXProject "UITextViewCursorBug" */;
			compatibilityVersion = "Xcode 14.0";
			developmentRegion = en;
			hasScannedForEncodings = 0;
			knownRegions = (
				en,
				Base,
			);
			mainGroup = BF4F5F7929C9D11000DAEA8A;
			productRefGroup = BF4F5F8329C9D11000DAEA8A /* Products */;
			projectDirPath = "";
			projectRoot = "";
			targets = (
				BF4F5F8129C9D11000DAEA8A /* UITextViewCursorBug */,
				BF4F5F9729C9D11100DAEA8A /* UITextViewCursorBugTests */,
				BF4F5FA129C9D11200DAEA8A /* UITextViewCursorBugUITests */,
			);
		};
/* End PBXProject section */

/* Begin PBXResourcesBuildPhase section */
		BF4F5F8029C9D11000DAEA8A /* Resources */ = {
			isa = PBXResourcesBuildPhase;
			buildActionMask = 2147483647;
			files = (
				BF4F5F9229C9D11100DAEA8A /* LaunchScreen.storyboard in Resources */,
				BF4F5F8F29C9D11100DAEA8A /* Assets.xcassets in Resources */,
				BF4F5F8D29C9D11000DAEA8A /* Main.storyboard in Resources */,
			);
			runOnlyForDeploymentPostprocessing = 0;
		};
		BF4F5F9629C9D11100DAEA8A /* Resources */ = {
			isa = PBXResourcesBuildPhase;
			buildActionMask = 2147483647;
			files = (
			);
			runOnlyForDeploymentPostprocessing = 0;
		};
		BF4F5FA029C9D11200DAEA8A /* Resources */ = {
			isa = PBXResourcesBuildPhase;
			buildActionMask = 2147483647;
			files = (
			);
			runOnlyForDeploymentPostprocessing = 0;
		};
/* End PBXResourcesBuildPhase section */

/* Begin PBXSourcesBuildPhase section */
		BF4F5F7E29C9D11000DAEA8A /* Sources */ = {
			isa = PBXSourcesBuildPhase;
			buildActionMask = 2147483647;
			files = (
				BF4F5F8A29C9D11000DAEA8A /* ViewController.swift in Sources */,
				BF4F5F8629C9D11000DAEA8A /* AppDelegate.swift in Sources */,
				BF4F5F8829C9D11000DAEA8A /* SceneDelegate.swift in Sources */,
			);
			runOnlyForDeploymentPostprocessing = 0;
		};
		BF4F5F9429C9D11100DAEA8A /* Sources */ = {
			isa = PBXSourcesBuildPhase;
			buildActionMask = 2147483647;
			files = (
				BF4F5F9D29C9D11100DAEA8A /* UITextViewCursorBugTests.swift in Sources */,
			);
			runOnlyForDeploymentPostprocessing = 0;
		};
		BF4F5F9E29C9D11200DAEA8A /* Sources */ = {
			isa = PBXSourcesBuildPhase;
			buildActionMask = 2147483647;
			files = (
				BF4F5FA729C9D11200DAEA8A /* UITextViewCursorBugUITests.swift in Sources */,
				BF4F5FA929C9D11200DAEA8A /* UITextViewCursorBugUITestsLaunchTests.swift in Sources */,
			);
			runOnlyForDeploymentPostprocessing = 0;
		};
/* End PBXSourcesBuildPhase section */

/* Begin PBXTargetDependency section */
		BF4F5F9A29C9D11100DAEA8A /* PBXTargetDependency */ = {
			isa = PBXTargetDependency;
			target = BF4F5F8129C9D11000DAEA8A /* UITextViewCursorBug */;
			targetProxy = BF4F5F9929C9D11100DAEA8A /* PBXContainerItemProxy */;
		};
		BF4F5FA429C9D11200DAEA8A /* PBXTargetDependency */ = {
			isa = PBXTargetDependency;
			target = BF4F5F8129C9D11000DAEA8A /* UITextViewCursorBug */;
			targetProxy = BF4F5FA329C9D11200DAEA8A /* PBXContainerItemProxy */;
		};
/* End PBXTargetDependency section */

/* Begin PBXVariantGroup section */
		BF4F5F8B29C9D11000DAEA8A /* Main.storyboard */ = {
			isa = PBXVariantGroup;
			children = (
				BF4F5F8C29C9D11000DAEA8A /* Base */,
			);
			name = Main.storyboard;
			sourceTree = "<group>";
		};
		BF4F5F9029C9D11100DAEA8A /* LaunchScreen.storyboard */ = {
			isa = PBXVariantGroup;
			children = (
				BF4F5F9129C9D11100DAEA8A /* Base */,
			);
			name = LaunchScreen.storyboard;
			sourceTree = "<group>";
		};
/* End PBXVariantGroup section */

/* Begin XCBuildConfiguration section */
		BF4F5FAA29C9D11200DAEA8A /* Debug */ = {
			isa = XCBuildConfiguration;
			buildSettings = {
				ALWAYS_SEARCH_USER_PATHS = NO;
				CLANG_ANALYZER_NONNULL = YES;
				CLANG_ANALYZER_NUMBER_OBJECT_CONVERSION = YES_AGGRESSIVE;
				CLANG_CXX_LANGUAGE_STANDARD = "gnu++20";
				CLANG_ENABLE_MODULES = YES;
				CLANG_ENABLE_OBJC_ARC = YES;
				CLANG_ENABLE_OBJC_WEAK = YES;
				CLANG_WARN_BLOCK_CAPTURE_AUTORELEASING = YES;
				CLANG_WARN_BOOL_CONVERSION = YES;
				CLANG_WARN_COMMA = YES;
				CLANG_WARN_CONSTANT_CONVERSION = YES;
				CLANG_WARN_DEPRECATED_OBJC_IMPLEMENTATIONS = YES;
				CLANG_WARN_DIRECT_OBJC_ISA_USAGE = YES_ERROR;
				CLANG_WARN_DOCUMENTATION_COMMENTS = YES;
				CLANG_WARN_EMPTY_BODY = YES;
				CLANG_WARN_ENUM_CONVERSION = YES;
				CLANG_WARN_INFINITE_RECURSION = YES;
				CLANG_WARN_INT_CONVERSION = YES;
				CLANG_WARN_NON_LITERAL_NULL_CONVERSION = YES;
				CLANG_WARN_OBJC_IMPLICIT_RETAIN_SELF = YES;
				CLANG_WARN_OBJC_LITERAL_CONVERSION = YES;
				CLANG_WARN_OBJC_ROOT_CLASS = YES_ERROR;
				CLANG_WARN_QUOTED_INCLUDE_IN_FRAMEWORK_HEADER = YES;
				CLANG_WARN_RANGE_LOOP_ANALYSIS = YES;
				CLANG_WARN_STRICT_PROTOTYPES = YES;
				CLANG_WARN_SUSPICIOUS_MOVE = YES;
				CLANG_WARN_UNGUARDED_AVAILABILITY = YES_AGGRESSIVE;
				CLANG_WARN_UNREACHABLE_CODE = YES;
				CLANG_WARN__DUPLICATE_METHOD_MATCH = YES;
				COPY_PHASE_STRIP = NO;
				DEBUG_INFORMATION_FORMAT = dwarf;
				ENABLE_STRICT_OBJC_MSGSEND = YES;
				ENABLE_TESTABILITY = YES;
				GCC_C_LANGUAGE_STANDARD = gnu11;
				GCC_DYNAMIC_NO_PIC = NO;
				GCC_NO_COMMON_BLOCKS = YES;
				GCC_OPTIMIZATION_LEVEL = 0;
				GCC_PREPROCESSOR_DEFINITIONS = (
					"DEBUG=1",
					"$(inherited)",
				);
				GCC_WARN_64_TO_32_BIT_CONVERSION = YES;
				GCC_WARN_ABOUT_RETURN_TYPE = YES_ERROR;
				GCC_WARN_UNDECLARED_SELECTOR = YES;
				GCC_WARN_UNINITIALIZED_AUTOS = YES_AGGRESSIVE;
				GCC_WARN_UNUSED_FUNCTION = YES;
				GCC_WARN_UNUSED_VARIABLE = YES;
				IPHONEOS_DEPLOYMENT_TARGET = 16.4;
				MTL_ENABLE_DEBUG_INFO = INCLUDE_SOURCE;
				MTL_FAST_MATH = YES;
				ONLY_ACTIVE_ARCH = YES;
				SDKROOT = iphoneos;
				SWIFT_ACTIVE_COMPILATION_CONDITIONS = DEBUG;
				SWIFT_OPTIMIZATION_LEVEL = "-Onone";
			};
			name = Debug;
		};
		BF4F5FAB29C9D11200DAEA8A /* Release */ = {
			isa = XCBuildConfiguration;
			buildSettings = {
				ALWAYS_SEARCH_USER_PATHS = NO;
				CLANG_ANALYZER_NONNULL = YES;
				CLANG_ANALYZER_NUMBER_OBJECT_CONVERSION = YES_AGGRESSIVE;
				CLANG_CXX_LANGUAGE_STANDARD = "gnu++20";
				CLANG_ENABLE_MODULES = YES;
				CLANG_ENABLE_OBJC_ARC = YES;
				CLANG_ENABLE_OBJC_WEAK = YES;
				CLANG_WARN_BLOCK_CAPTURE_AUTORELEASING = YES;
				CLANG_WARN_BOOL_CONVERSION = YES;
				CLANG_WARN_COMMA = YES;
				CLANG_WARN_CONSTANT_CONVERSION = YES;
				CLANG_WARN_DEPRECATED_OBJC_IMPLEMENTATIONS = YES;
				CLANG_WARN_DIRECT_OBJC_ISA_USAGE = YES_ERROR;
				CLANG_WARN_DOCUMENTATION_COMMENTS = YES;
				CLANG_WARN_EMPTY_BODY = YES;
				CLANG_WARN_ENUM_CONVERSION = YES;
				CLANG_WARN_INFINITE_RECURSION = YES;
				CLANG_WARN_INT_CONVERSION = YES;
				CLANG_WARN_NON_LITERAL_NULL_CONVERSION = YES;
				CLANG_WARN_OBJC_IMPLICIT_RETAIN_SELF = YES;
				CLANG_WARN_OBJC_LITERAL_CONVERSION = YES;
				CLANG_WARN_OBJC_ROOT_CLASS = YES_ERROR;
				CLANG_WARN_QUOTED_INCLUDE_IN_FRAMEWORK_HEADER = YES;
				CLANG_WARN_RANGE_LOOP_ANALYSIS = YES;
				CLANG_WARN_STRICT_PROTOTYPES = YES;
				CLANG_WARN_SUSPICIOUS_MOVE = YES;
				CLANG_WARN_UNGUARDED_AVAILABILITY = YES_AGGRESSIVE;
				CLANG_WARN_UNREACHABLE_CODE = YES;
				CLANG_WARN__DUPLICATE_METHOD_MATCH = YES;
				COPY_PHASE_STRIP = NO;
				DEBUG_INFORMATION_FORMAT = "dwarf-with-dsym";
				ENABLE_NS_ASSERTIONS = NO;
				ENABLE_STRICT_OBJC_MSGSEND = YES;
				GCC_C_LANGUAGE_STANDARD = gnu11;
				GCC_NO_COMMON_BLOCKS = YES;
				GCC_WARN_64_TO_32_BIT_CONVERSION = YES;
				GCC_WARN_ABOUT_RETURN_TYPE = YES_ERROR;
				GCC_WARN_UNDECLARED_SELECTOR = YES;
				GCC_WARN_UNINITIALIZED_AUTOS = YES_AGGRESSIVE;
				GCC_WARN_UNUSED_FUNCTION = YES;
				GCC_WARN_UNUSED_VARIABLE = YES;
				IPHONEOS_DEPLOYMENT_TARGET = 16.4;
				MTL_ENABLE_DEBUG_INFO = NO;
				MTL_FAST_MATH = YES;
				SDKROOT = iphoneos;
				SWIFT_COMPILATION_MODE = wholemodule;
				SWIFT_OPTIMIZATION_LEVEL = "-O";
				VALIDATE_PRODUCT = YES;
			};
			name = Release;
		};
		BF4F5FAD29C9D11200DAEA8A /* Debug */ = {
			isa = XCBuildConfiguration;
			buildSettings = {
				ASSETCATALOG_COMPILER_APPICON_NAME = AppIcon;
				ASSETCATALOG_COMPILER_GLOBAL_ACCENT_COLOR_NAME = AccentColor;
				CODE_SIGN_STYLE = Automatic;
				CURRENT_PROJECT_VERSION = 1;
				DEVELOPMENT_TEAM = 3N36C74KUJ;
				GENERATE_INFOPLIST_FILE = YES;
				INFOPLIST_FILE = UITextViewCursorBug/Info.plist;
				INFOPLIST_KEY_UIApplicationSupportsIndirectInputEvents = YES;
				INFOPLIST_KEY_UILaunchStoryboardName = LaunchScreen;
				INFOPLIST_KEY_UIMainStoryboardFile = Main;
				INFOPLIST_KEY_UISupportedInterfaceOrientations_iPad = "UIInterfaceOrientationPortrait UIInterfaceOrientationPortraitUpsideDown UIInterfaceOrientationLandscapeLeft UIInterfaceOrientationLandscapeRight";
				INFOPLIST_KEY_UISupportedInterfaceOrientations_iPhone = "UIInterfaceOrientationPortrait UIInterfaceOrientationLandscapeLeft UIInterfaceOrientationLandscapeRight";
				LD_RUNPATH_SEARCH_PATHS = (
					"$(inherited)",
					"@executable_path/Frameworks",
				);
				MARKETING_VERSION = 1.0;
				PRODUCT_BUNDLE_IDENTIFIER = placeholder.UITextViewCursorBug;
				PRODUCT_NAME = "$(TARGET_NAME)";
				SWIFT_EMIT_LOC_STRINGS = YES;
				SWIFT_VERSION = 5.0;
				TARGETED_DEVICE_FAMILY = "1,2";
			};
			name = Debug;
		};
		BF4F5FAE29C9D11200DAEA8A /* Release */ = {
			isa = XCBuildConfiguration;
			buildSettings = {
				ASSETCATALOG_COMPILER_APPICON_NAME = AppIcon;
				ASSETCATALOG_COMPILER_GLOBAL_ACCENT_COLOR_NAME = AccentColor;
				CODE_SIGN_STYLE = Automatic;
				CURRENT_PROJECT_VERSION = 1;
				DEVELOPMENT_TEAM = 3N36C74KUJ;
				GENERATE_INFOPLIST_FILE = YES;
				INFOPLIST_FILE = UITextViewCursorBug/Info.plist;
				INFOPLIST_KEY_UIApplicationSupportsIndirectInputEvents = YES;
				INFOPLIST_KEY_UILaunchStoryboardName = LaunchScreen;
				INFOPLIST_KEY_UIMainStoryboardFile = Main;
				INFOPLIST_KEY_UISupportedInterfaceOrientations_iPad = "UIInterfaceOrientationPortrait UIInterfaceOrientationPortraitUpsideDown UIInterfaceOrientationLandscapeLeft UIInterfaceOrientationLandscapeRight";
				INFOPLIST_KEY_UISupportedInterfaceOrientations_iPhone = "UIInterfaceOrientationPortrait UIInterfaceOrientationLandscapeLeft UIInterfaceOrientationLandscapeRight";
				LD_RUNPATH_SEARCH_PATHS = (
					"$(inherited)",
					"@executable_path/Frameworks",
				);
				MARKETING_VERSION = 1.0;
				PRODUCT_BUNDLE_IDENTIFIER = placeholder.UITextViewCursorBug;
				PRODUCT_NAME = "$(TARGET_NAME)";
				SWIFT_EMIT_LOC_STRINGS = YES;
				SWIFT_VERSION = 5.0;
				TARGETED_DEVICE_FAMILY = "1,2";
			};
			name = Release;
		};
		BF4F5FB029C9D11200DAEA8A /* Debug */ = {
			isa = XCBuildConfiguration;
			buildSettings = {
				ALWAYS_EMBED_SWIFT_STANDARD_LIBRARIES = YES;
				BUNDLE_LOADER = "$(TEST_HOST)";
				CODE_SIGN_STYLE = Automatic;
				CURRENT_PROJECT_VERSION = 1;
				DEVELOPMENT_TEAM = 3N36C74KUJ;
				GENERATE_INFOPLIST_FILE = YES;
				IPHONEOS_DEPLOYMENT_TARGET = 16.4;
				MARKETING_VERSION = 1.0;
				PRODUCT_BUNDLE_IDENTIFIER = placeholder.UITextViewCursorBugTests;
				PRODUCT_NAME = "$(TARGET_NAME)";
				SWIFT_EMIT_LOC_STRINGS = NO;
				SWIFT_VERSION = 5.0;
				TARGETED_DEVICE_FAMILY = "1,2";
				TEST_HOST = "$(BUILT_PRODUCTS_DIR)/UITextViewCursorBug.app/$(BUNDLE_EXECUTABLE_FOLDER_PATH)/UITextViewCursorBug";
			};
			name = Debug;
		};
		BF4F5FB129C9D11200DAEA8A /* Release */ = {
			isa = XCBuildConfiguration;
			buildSettings = {
				ALWAYS_EMBED_SWIFT_STANDARD_LIBRARIES = YES;
				BUNDLE_LOADER = "$(TEST_HOST)";
				CODE_SIGN_STYLE = Automatic;
				CURRENT_PROJECT_VERSION = 1;
				DEVELOPMENT_TEAM = 3N36C74KUJ;
				GENERATE_INFOPLIST_FILE = YES;
				IPHONEOS_DEPLOYMENT_TARGET = 16.4;
				MARKETING_VERSION = 1.0;
				PRODUCT_BUNDLE_IDENTIFIER = placeholder.UITextViewCursorBugTests;
				PRODUCT_NAME = "$(TARGET_NAME)";
				SWIFT_EMIT_LOC_STRINGS = NO;
				SWIFT_VERSION = 5.0;
				TARGETED_DEVICE_FAMILY = "1,2";
				TEST_HOST = "$(BUILT_PRODUCTS_DIR)/UITextViewCursorBug.app/$(BUNDLE_EXECUTABLE_FOLDER_PATH)/UITextViewCursorBug";
			};
			name = Release;
		};
		BF4F5FB329C9D11200DAEA8A /* Debug */ = {
			isa = XCBuildConfiguration;
			buildSettings = {
				ALWAYS_EMBED_SWIFT_STANDARD_LIBRARIES = YES;
				CODE_SIGN_STYLE = Automatic;
				CURRENT_PROJECT_VERSION = 1;
				DEVELOPMENT_TEAM = 3N36C74KUJ;
				GENERATE_INFOPLIST_FILE = YES;
				MARKETING_VERSION = 1.0;
				PRODUCT_BUNDLE_IDENTIFIER = placeholder.UITextViewCursorBugUITests;
				PRODUCT_NAME = "$(TARGET_NAME)";
				SWIFT_EMIT_LOC_STRINGS = NO;
				SWIFT_VERSION = 5.0;
				TARGETED_DEVICE_FAMILY = "1,2";
				TEST_TARGET_NAME = UITextViewCursorBug;
			};
			name = Debug;
		};
		BF4F5FB429C9D11200DAEA8A /* Release */ = {
			isa = XCBuildConfiguration;
			buildSettings = {
				ALWAYS_EMBED_SWIFT_STANDARD_LIBRARIES = YES;
				CODE_SIGN_STYLE = Automatic;
				CURRENT_PROJECT_VERSION = 1;
				DEVELOPMENT_TEAM = 3N36C74KUJ;
				GENERATE_INFOPLIST_FILE = YES;
				MARKETING_VERSION = 1.0;
				PRODUCT_BUNDLE_IDENTIFIER = placeholder.UITextViewCursorBugUITests;
				PRODUCT_NAME = "$(TARGET_NAME)";
				SWIFT_EMIT_LOC_STRINGS = NO;
				SWIFT_VERSION = 5.0;
				TARGETED_DEVICE_FAMILY = "1,2";
				TEST_TARGET_NAME = UITextViewCursorBug;
			};
			name = Release;
		};
/* End XCBuildConfiguration section */

/* Begin XCConfigurationList section */
		BF4F5F7D29C9D11000DAEA8A /* Build configuration list for PBXProject "UITextViewCursorBug" */ = {
			isa = XCConfigurationList;
			buildConfigurations = (
				BF4F5FAA29C9D11200DAEA8A /* Debug */,
				BF4F5FAB29C9D11200DAEA8A /* Release */,
			);
			defaultConfigurationIsVisible = 0;
			defaultConfigurationName = Release;
		};
		BF4F5FAC29C9D11200DAEA8A /* Build configuration list for PBXNativeTarget "UITextViewCursorBug" */ = {
			isa = XCConfigurationList;
			buildConfigurations = (
				BF4F5FAD29C9D11200DAEA8A /* Debug */,
				BF4F5FAE29C9D11200DAEA8A /* Release */,
			);
			defaultConfigurationIsVisible = 0;
			defaultConfigurationName = Release;
		};
		BF4F5FAF29C9D11200DAEA8A /* Build configuration list for PBXNativeTarget "UITextViewCursorBugTests" */ = {
			isa = XCConfigurationList;
			buildConfigurations = (
				BF4F5FB029C9D11200DAEA8A /* Debug */,
				BF4F5FB129C9D11200DAEA8A /* Release */,
			);
			defaultConfigurationIsVisible = 0;
			defaultConfigurationName = Release;
		};
		BF4F5FB229C9D11200DAEA8A /* Build configuration list for PBXNativeTarget "UITextViewCursorBugUITests" */ = {
			isa = XCConfigurationList;
			buildConfigurations = (
				BF4F5FB329C9D11200DAEA8A /* Debug */,
				BF4F5FB429C9D11200DAEA8A /* Release */,
			);
			defaultConfigurationIsVisible = 0;
			defaultConfigurationName = Release;
		};
/* End XCConfigurationList section */
	};
	rootObject = BF4F5F7A29C9D11000DAEA8A /* Project object */;
}
